// !$*UTF8*$!
{
	archiveVersion = 1;
	classes = {
	};
	objectVersion = 77;
	objects = {

/* Begin PBXContainerItemProxy section */
		AB9861AC2E54EDB800524545 /* PBXContainerItemProxy */ = {
			isa = PBXContainerItemProxy;
			containerPortal = AB9861962E54EDB600524545 /* Project object */;
			proxyType = 1;
			remoteGlobalIDString = AB98619D2E54EDB600524545;
			remoteInfo = ReceiptSplitter;
		};
		AB9861B62E54EDB800524545 /* PBXContainerItemProxy */ = {
			isa = PBXContainerItemProxy;
			containerPortal = AB9861962E54EDB600524545 /* Project object */;
			proxyType = 1;
			remoteGlobalIDString = AB98619D2E54EDB600524545;
			remoteInfo = ReceiptSplitter;
		};
/* End PBXContainerItemProxy section */

/* Begin PBXFileReference section */
		AB98619E2E54EDB600524545 /* ReceiptSplitter.app */ = {isa = PBXFileReference; explicitFileType = wrapper.application; includeInIndex = 0; path = ReceiptSplitter.app; sourceTree = BUILT_PRODUCTS_DIR; };
		AB9861AB2E54EDB800524545 /* ReceiptSplitterTests.xctest */ = {isa = PBXFileReference; explicitFileType = wrapper.cfbundle; includeInIndex = 0; path = ReceiptSplitterTests.xctest; sourceTree = BUILT_PRODUCTS_DIR; };
		AB9861B52E54EDB800524545 /* ReceiptSplitterUITests.xctest */ = {isa = PBXFileReference; explicitFileType = wrapper.cfbundle; includeInIndex = 0; path = ReceiptSplitterUITests.xctest; sourceTree = BUILT_PRODUCTS_DIR; };
/* End PBXFileReference section */

/* Begin PBXFileSystemSynchronizedRootGroup section */
		AB9861A02E54EDB600524545 /* ReceiptSplitter */ = {
			isa = PBXFileSystemSynchronizedRootGroup;
			path = ReceiptSplitter;
			sourceTree = "<group>";
		};
		AB9861AE2E54EDB800524545 /* ReceiptSplitterTests */ = {
			isa = PBXFileSystemSynchronizedRootGroup;
			path = ReceiptSplitterTests;
			sourceTree = "<group>";
		};
		AB9861B82E54EDB800524545 /* ReceiptSplitterUITests */ = {
			isa = PBXFileSystemSynchronizedRootGroup;
			path = ReceiptSplitterUITests;
			sourceTree = "<group>";
		};
/* End PBXFileSystemSynchronizedRootGroup section */

/* Begin PBXFrameworksBuildPhase section */
		AB98619B2E54EDB600524545 /* Frameworks */ = {
			isa = PBXFrameworksBuildPhase;
			buildActionMask = 2147483647;
			files = (
			);
			runOnlyForDeploymentPostprocessing = 0;
		};
		AB9861A82E54EDB800524545 /* Frameworks */ = {
			isa = PBXFrameworksBuildPhase;
			buildActionMask = 2147483647;
			files = (
			);
			runOnlyForDeploymentPostprocessing = 0;
		};
		AB9861B22E54EDB800524545 /* Frameworks */ = {
			isa = PBXFrameworksBuildPhase;
			buildActionMask = 2147483647;
			files = (
			);
			runOnlyForDeploymentPostprocessing = 0;
		};
/* End PBXFrameworksBuildPhase section */

/* Begin PBXGroup section */
		AB9861952E54EDB600524545 = {
			isa = PBXGroup;
			children = (
				AB9861A02E54EDB600524545 /* ReceiptSplitter */,
				AB9861AE2E54EDB800524545 /* ReceiptSplitterTests */,
				AB9861B82E54EDB800524545 /* ReceiptSplitterUITests */,
				AB98619F2E54EDB600524545 /* Products */,
			);
			sourceTree = "<group>";
		};
		AB98619F2E54EDB600524545 /* Products */ = {
			isa = PBXGroup;
			children = (
				AB98619E2E54EDB600524545 /* ReceiptSplitter.app */,
				AB9861AB2E54EDB800524545 /* ReceiptSplitterTests.xctest */,
				AB9861B52E54EDB800524545 /* ReceiptSplitterUITests.xctest */,
			);
			name = Products;
			sourceTree = "<group>";
		};
/* End PBXGroup section */

/* Begin PBXNativeTarget section */
		AB98619D2E54EDB600524545 /* ReceiptSplitter */ = {
			isa = PBXNativeTarget;
			buildConfigurationList = AB9861BF2E54EDB800524545 /* Build configuration list for PBXNativeTarget "ReceiptSplitter" */;
			buildPhases = (
				AB98619A2E54EDB600524545 /* Sources */,
				AB98619B2E54EDB600524545 /* Frameworks */,
				AB98619C2E54EDB600524545 /* Resources */,
			);
			buildRules = (
			);
			dependencies = (
			);
			fileSystemSynchronizedGroups = (
				AB9861A02E54EDB600524545 /* ReceiptSplitter */,
			);
			name = ReceiptSplitter;
			packageProductDependencies = (
			);
			productName = ReceiptSplitter;
			productReference = AB98619E2E54EDB600524545 /* ReceiptSplitter.app */;
			productType = "com.apple.product-type.application";
		};
		AB9861AA2E54EDB800524545 /* ReceiptSplitterTests */ = {
			isa = PBXNativeTarget;
			buildConfigurationList = AB9861C22E54EDB800524545 /* Build configuration list for PBXNativeTarget "ReceiptSplitterTests" */;
			buildPhases = (
				AB9861A72E54EDB800524545 /* Sources */,
				AB9861A82E54EDB800524545 /* Frameworks */,
				AB9861A92E54EDB800524545 /* Resources */,
			);
			buildRules = (
			);
			dependencies = (
				AB9861AD2E54EDB800524545 /* PBXTargetDependency */,
			);
			fileSystemSynchronizedGroups = (
				AB9861AE2E54EDB800524545 /* ReceiptSplitterTests */,
			);
			name = ReceiptSplitterTests;
			packageProductDependencies = (
			);
			productName = ReceiptSplitterTests;
			productReference = AB9861AB2E54EDB800524545 /* ReceiptSplitterTests.xctest */;
			productType = "com.apple.product-type.bundle.unit-test";
		};
		AB9861B42E54EDB800524545 /* ReceiptSplitterUITests */ = {
			isa = PBXNativeTarget;
			buildConfigurationList = AB9861C52E54EDB800524545 /* Build configuration list for PBXNativeTarget "ReceiptSplitterUITests" */;
			buildPhases = (
				AB9861B12E54EDB800524545 /* Sources */,
				AB9861B22E54EDB800524545 /* Frameworks */,
				AB9861B32E54EDB800524545 /* Resources */,
			);
			buildRules = (
			);
			dependencies = (
				AB9861B72E54EDB800524545 /* PBXTargetDependency */,
			);
			fileSystemSynchronizedGroups = (
				AB9861B82E54EDB800524545 /* ReceiptSplitterUITests */,
			);
			name = ReceiptSplitterUITests;
			packageProductDependencies = (
			);
			productName = ReceiptSplitterUITests;
			productReference = AB9861B52E54EDB800524545 /* ReceiptSplitterUITests.xctest */;
			productType = "com.apple.product-type.bundle.ui-testing";
		};
/* End PBXNativeTarget section */

/* Begin PBXProject section */
		AB9861962E54EDB600524545 /* Project object */ = {
			isa = PBXProject;
			attributes = {
				BuildIndependentTargetsInParallel = 1;
				LastSwiftUpdateCheck = 1640;
				LastUpgradeCheck = 1640;
				TargetAttributes = {
					AB98619D2E54EDB600524545 = {
						CreatedOnToolsVersion = 16.4;
					};
					AB9861AA2E54EDB800524545 = {
						CreatedOnToolsVersion = 16.4;
						TestTargetID = AB98619D2E54EDB600524545;
					};
					AB9861B42E54EDB800524545 = {
						CreatedOnToolsVersion = 16.4;
						TestTargetID = AB98619D2E54EDB600524545;
					};
				};
			};
			buildConfigurationList = AB9861992E54EDB600524545 /* Build configuration list for PBXProject "ReceiptSplitter" */;
			developmentRegion = en;
			hasScannedForEncodings = 0;
			knownRegions = (
				en,
				Base,
			);
			mainGroup = AB9861952E54EDB600524545;
			minimizedProjectReferenceProxies = 1;
			preferredProjectObjectVersion = 77;
			productRefGroup = AB98619F2E54EDB600524545 /* Products */;
			projectDirPath = "";
			projectRoot = "";
			targets = (
				AB98619D2E54EDB600524545 /* ReceiptSplitter */,
				AB9861AA2E54EDB800524545 /* ReceiptSplitterTests */,
				AB9861B42E54EDB800524545 /* ReceiptSplitterUITests */,
			);
		};
/* End PBXProject section */

/* Begin PBXResourcesBuildPhase section */
		AB98619C2E54EDB600524545 /* Resources */ = {
			isa = PBXResourcesBuildPhase;
			buildActionMask = 2147483647;
			files = (
			);
			runOnlyForDeploymentPostprocessing = 0;
		};
		AB9861A92E54EDB800524545 /* Resources */ = {
			isa = PBXResourcesBuildPhase;
			buildActionMask = 2147483647;
			files = (
			);
			runOnlyForDeploymentPostprocessing = 0;
		};
		AB9861B32E54EDB800524545 /* Resources */ = {
			isa = PBXResourcesBuildPhase;
			buildActionMask = 2147483647;
			files = (
			);
			runOnlyForDeploymentPostprocessing = 0;
		};
/* End PBXResourcesBuildPhase section */

/* Begin PBXSourcesBuildPhase section */
		AB98619A2E54EDB600524545 /* Sources */ = {
			isa = PBXSourcesBuildPhase;
			buildActionMask = 2147483647;
			files = (
			);
			runOnlyForDeploymentPostprocessing = 0;
		};
		AB9861A72E54EDB800524545 /* Sources */ = {
			isa = PBXSourcesBuildPhase;
			buildActionMask = 2147483647;
			files = (
			);
			runOnlyForDeploymentPostprocessing = 0;
		};
		AB9861B12E54EDB800524545 /* Sources */ = {
			isa = PBXSourcesBuildPhase;
			buildActionMask = 2147483647;
			files = (
			);
			runOnlyForDeploymentPostprocessing = 0;
		};
/* End PBXSourcesBuildPhase section */

/* Begin PBXTargetDependency section */
		AB9861AD2E54EDB800524545 /* PBXTargetDependency */ = {
			isa = PBXTargetDependency;
			target = AB98619D2E54EDB600524545 /* ReceiptSplitter */;
			targetProxy = AB9861AC2E54EDB800524545 /* PBXContainerItemProxy */;
		};
		AB9861B72E54EDB800524545 /* PBXTargetDependency */ = {
			isa = PBXTargetDependency;
			target = AB98619D2E54EDB600524545 /* ReceiptSplitter */;
			targetProxy = AB9861B62E54EDB800524545 /* PBXContainerItemProxy */;
		};
/* End PBXTargetDependency section */

/* Begin XCBuildConfiguration section */
		AB9861BD2E54EDB800524545 /* Debug */ = {
			isa = XCBuildConfiguration;
			buildSettings = {
				ALWAYS_SEARCH_USER_PATHS = NO;
				ASSETCATALOG_COMPILER_GENERATE_SWIFT_ASSET_SYMBOL_EXTENSIONS = YES;
				CLANG_ANALYZER_NONNULL = YES;
				CLANG_ANALYZER_NUMBER_OBJECT_CONVERSION = YES_AGGRESSIVE;
				CLANG_CXX_LANGUAGE_STANDARD = "gnu++20";
				CLANG_ENABLE_MODULES = YES;
				CLANG_ENABLE_OBJC_ARC = YES;
				CLANG_ENABLE_OBJC_WEAK = YES;
				CLANG_WARN_BLOCK_CAPTURE_AUTORELEASING = YES;
				CLANG_WARN_BOOL_CONVERSION = YES;
				CLANG_WARN_COMMA = YES;
				CLANG_WARN_CONSTANT_CONVERSION = YES;
				CLANG_WARN_DEPRECATED_OBJC_IMPLEMENTATIONS = YES;
				CLANG_WARN_DIRECT_OBJC_ISA_USAGE = YES_ERROR;
				CLANG_WARN_DOCUMENTATION_COMMENTS = YES;
				CLANG_WARN_EMPTY_BODY = YES;
				CLANG_WARN_ENUM_CONVERSION = YES;
				CLANG_WARN_INFINITE_RECURSION = YES;
				CLANG_WARN_INT_CONVERSION = YES;
				CLANG_WARN_NON_LITERAL_NULL_CONVERSION = YES;
				CLANG_WARN_OBJC_IMPLICIT_RETAIN_SELF = YES;
				CLANG_WARN_OBJC_LITERAL_CONVERSION = YES;
				CLANG_WARN_OBJC_ROOT_CLASS = YES_ERROR;
				CLANG_WARN_QUOTED_INCLUDE_IN_FRAMEWORK_HEADER = YES;
				CLANG_WARN_RANGE_LOOP_ANALYSIS = YES;
				CLANG_WARN_STRICT_PROTOTYPES = YES;
				CLANG_WARN_SUSPICIOUS_MOVE = YES;
				CLANG_WARN_UNGUARDED_AVAILABILITY = YES_AGGRESSIVE;
				CLANG_WARN_UNREACHABLE_CODE = YES;
				CLANG_WARN__DUPLICATE_METHOD_MATCH = YES;
				COPY_PHASE_STRIP = NO;
				DEBUG_INFORMATION_FORMAT = dwarf;
				DEVELOPMENT_TEAM = XX88NV4X6Q;
				ENABLE_STRICT_OBJC_MSGSEND = YES;
				ENABLE_TESTABILITY = YES;
				ENABLE_USER_SCRIPT_SANDBOXING = YES;
				GCC_C_LANGUAGE_STANDARD = gnu17;
				GCC_DYNAMIC_NO_PIC = NO;
				GCC_NO_COMMON_BLOCKS = YES;
				GCC_OPTIMIZATION_LEVEL = 0;
				GCC_PREPROCESSOR_DEFINITIONS = (
					"DEBUG=1",
					"$(inherited)",
				);
				GCC_WARN_64_TO_32_BIT_CONVERSION = YES;
				GCC_WARN_ABOUT_RETURN_TYPE = YES_ERROR;
				GCC_WARN_UNDECLARED_SELECTOR = YES;
				GCC_WARN_UNINITIALIZED_AUTOS = YES_AGGRESSIVE;
				GCC_WARN_UNUSED_FUNCTION = YES;
				GCC_WARN_UNUSED_VARIABLE = YES;
				IPHONEOS_DEPLOYMENT_TARGET = 18.5;
				LOCALIZATION_PREFERS_STRING_CATALOGS = YES;
				MTL_ENABLE_DEBUG_INFO = INCLUDE_SOURCE;
				MTL_FAST_MATH = YES;
				ONLY_ACTIVE_ARCH = YES;
				SDKROOT = iphoneos;
				SWIFT_ACTIVE_COMPILATION_CONDITIONS = "DEBUG $(inherited)";
				SWIFT_OPTIMIZATION_LEVEL = "-Onone";
			};
			name = Debug;
		};
		AB9861BE2E54EDB800524545 /* Release */ = {
			isa = XCBuildConfiguration;
			buildSettings = {
				ALWAYS_SEARCH_USER_PATHS = NO;
				ASSETCATALOG_COMPILER_GENERATE_SWIFT_ASSET_SYMBOL_EXTENSIONS = YES;
				CLANG_ANALYZER_NONNULL = YES;
				CLANG_ANALYZER_NUMBER_OBJECT_CONVERSION = YES_AGGRESSIVE;
				CLANG_CXX_LANGUAGE_STANDARD = "gnu++20";
				CLANG_ENABLE_MODULES = YES;
				CLANG_ENABLE_OBJC_ARC = YES;
				CLANG_ENABLE_OBJC_WEAK = YES;
				CLANG_WARN_BLOCK_CAPTURE_AUTORELEASING = YES;
				CLANG_WARN_BOOL_CONVERSION = YES;
				CLANG_WARN_COMMA = YES;
				CLANG_WARN_CONSTANT_CONVERSION = YES;
				CLANG_WARN_DEPRECATED_OBJC_IMPLEMENTATIONS = YES;
				CLANG_WARN_DIRECT_OBJC_ISA_USAGE = YES_ERROR;
				CLANG_WARN_DOCUMENTATION_COMMENTS = YES;
				CLANG_WARN_EMPTY_BODY = YES;
				CLANG_WARN_ENUM_CONVERSION = YES;
				CLANG_WARN_INFINITE_RECURSION = YES;
				CLANG_WARN_INT_CONVERSION = YES;
				CLANG_WARN_NON_LITERAL_NULL_CONVERSION = YES;
				CLANG_WARN_OBJC_IMPLICIT_RETAIN_SELF = YES;
				CLANG_WARN_OBJC_LITERAL_CONVERSION = YES;
				CLANG_WARN_OBJC_ROOT_CLASS = YES_ERROR;
				CLANG_WARN_QUOTED_INCLUDE_IN_FRAMEWORK_HEADER = YES;
				CLANG_WARN_RANGE_LOOP_ANALYSIS = YES;
				CLANG_WARN_STRICT_PROTOTYPES = YES;
				CLANG_WARN_SUSPICIOUS_MOVE = YES;
				CLANG_WARN_UNGUARDED_AVAILABILITY = YES_AGGRESSIVE;
				CLANG_WARN_UNREACHABLE_CODE = YES;
				CLANG_WARN__DUPLICATE_METHOD_MATCH = YES;
				COPY_PHASE_STRIP = NO;
				DEBUG_INFORMATION_FORMAT = "dwarf-with-dsym";
				DEVELOPMENT_TEAM = XX88NV4X6Q;
				ENABLE_NS_ASSERTIONS = NO;
				ENABLE_STRICT_OBJC_MSGSEND = YES;
				ENABLE_USER_SCRIPT_SANDBOXING = YES;
				GCC_C_LANGUAGE_STANDARD = gnu17;
				GCC_NO_COMMON_BLOCKS = YES;
				GCC_WARN_64_TO_32_BIT_CONVERSION = YES;
				GCC_WARN_ABOUT_RETURN_TYPE = YES_ERROR;
				GCC_WARN_UNDECLARED_SELECTOR = YES;
				GCC_WARN_UNINITIALIZED_AUTOS = YES_AGGRESSIVE;
				GCC_WARN_UNUSED_FUNCTION = YES;
				GCC_WARN_UNUSED_VARIABLE = YES;
				IPHONEOS_DEPLOYMENT_TARGET = 18.5;
				LOCALIZATION_PREFERS_STRING_CATALOGS = YES;
				MTL_ENABLE_DEBUG_INFO = NO;
				MTL_FAST_MATH = YES;
				SDKROOT = iphoneos;
				SWIFT_COMPILATION_MODE = wholemodule;
				VALIDATE_PRODUCT = YES;
			};
			name = Release;
		};
		AB9861C02E54EDB800524545 /* Debug */ = {
			isa = XCBuildConfiguration;
			buildSettings = {
				ASSETCATALOG_COMPILER_APPICON_NAME = AppIcon;
				ASSETCATALOG_COMPILER_GLOBAL_ACCENT_COLOR_NAME = AccentColor;
				CODE_SIGN_STYLE = Automatic;
				CURRENT_PROJECT_VERSION = 1;
				DEVELOPMENT_TEAM = XX88NV4X6Q;
				ENABLE_PREVIEWS = YES;
				GENERATE_INFOPLIST_FILE = YES;
				INFOPLIST_KEY_UIApplicationSceneManifest_Generation = YES;
				INFOPLIST_KEY_UIApplicationSupportsIndirectInputEvents = YES;
				INFOPLIST_KEY_UILaunchScreen_Generation = YES;
				INFOPLIST_KEY_UISupportedInterfaceOrientations_iPad = "UIInterfaceOrientationPortrait UIInterfaceOrientationPortraitUpsideDown UIInterfaceOrientationLandscapeLeft UIInterfaceOrientationLandscapeRight";
				INFOPLIST_KEY_UISupportedInterfaceOrientations_iPhone = "UIInterfaceOrientationPortrait UIInterfaceOrientationLandscapeLeft UIInterfaceOrientationLandscapeRight";
				LD_RUNPATH_SEARCH_PATHS = (
					"$(inherited)",
					"@executable_path/Frameworks",
				);
				MARKETING_VERSION = 1.0;
				PRODUCT_BUNDLE_IDENTIFIER = com.jeromehernandez.ReceiptSplitter;
				PRODUCT_NAME = "$(TARGET_NAME)";
				SWIFT_EMIT_LOC_STRINGS = YES;
				SWIFT_VERSION = 5.0;
				TARGETED_DEVICE_FAMILY = "1,2";
			};
			name = Debug;
		};
		AB9861C12E54EDB800524545 /* Release */ = {
			isa = XCBuildConfiguration;
			buildSettings = {
				ASSETCATALOG_COMPILER_APPICON_NAME = AppIcon;
				ASSETCATALOG_COMPILER_GLOBAL_ACCENT_COLOR_NAME = AccentColor;
				CODE_SIGN_STYLE = Automatic;
				CURRENT_PROJECT_VERSION = 1;
				DEVELOPMENT_TEAM = XX88NV4X6Q;
				ENABLE_PREVIEWS = YES;
				GENERATE_INFOPLIST_FILE = YES;
				INFOPLIST_KEY_UIApplicationSceneManifest_Generation = YES;
				INFOPLIST_KEY_UIApplicationSupportsIndirectInputEvents = YES;
				INFOPLIST_KEY_UILaunchScreen_Generation = YES;
				INFOPLIST_KEY_UISupportedInterfaceOrientations_iPad = "UIInterfaceOrientationPortrait UIInterfaceOrientationPortraitUpsideDown UIInterfaceOrientationLandscapeLeft UIInterfaceOrientationLandscapeRight";
				INFOPLIST_KEY_UISupportedInterfaceOrientations_iPhone = "UIInterfaceOrientationPortrait UIInterfaceOrientationLandscapeLeft UIInterfaceOrientationLandscapeRight";
				LD_RUNPATH_SEARCH_PATHS = (
					"$(inherited)",
					"@executable_path/Frameworks",
				);
				MARKETING_VERSION = 1.0;
				PRODUCT_BUNDLE_IDENTIFIER = com.jeromehernandez.ReceiptSplitter;
				PRODUCT_NAME = "$(TARGET_NAME)";
				SWIFT_EMIT_LOC_STRINGS = YES;
				SWIFT_VERSION = 5.0;
				TARGETED_DEVICE_FAMILY = "1,2";
			};
			name = Release;
		};
		AB9861C32E54EDB800524545 /* Debug */ = {
			isa = XCBuildConfiguration;
			buildSettings = {
				BUNDLE_LOADER = "$(TEST_HOST)";
				CODE_SIGN_STYLE = Automatic;
				CURRENT_PROJECT_VERSION = 1;
				DEVELOPMENT_TEAM = XX88NV4X6Q;
				GENERATE_INFOPLIST_FILE = YES;
				IPHONEOS_DEPLOYMENT_TARGET = 18.5;
				MARKETING_VERSION = 1.0;
				PRODUCT_BUNDLE_IDENTIFIER = com.jeromehernandez.ReceiptSplitterTests;
				PRODUCT_NAME = "$(TARGET_NAME)";
				SWIFT_EMIT_LOC_STRINGS = NO;
				SWIFT_VERSION = 5.0;
				TARGETED_DEVICE_FAMILY = "1,2";
				TEST_HOST = "$(BUILT_PRODUCTS_DIR)/ReceiptSplitter.app/$(BUNDLE_EXECUTABLE_FOLDER_PATH)/ReceiptSplitter";
			};
			name = Debug;
		};
		AB9861C42E54EDB800524545 /* Release */ = {
			isa = XCBuildConfiguration;
			buildSettings = {
				BUNDLE_LOADER = "$(TEST_HOST)";
				CODE_SIGN_STYLE = Automatic;
				CURRENT_PROJECT_VERSION = 1;
				DEVELOPMENT_TEAM = XX88NV4X6Q;
				GENERATE_INFOPLIST_FILE = YES;
				IPHONEOS_DEPLOYMENT_TARGET = 18.5;
				MARKETING_VERSION = 1.0;
				PRODUCT_BUNDLE_IDENTIFIER = com.jeromehernandez.ReceiptSplitterTests;
				PRODUCT_NAME = "$(TARGET_NAME)";
				SWIFT_EMIT_LOC_STRINGS = NO;
				SWIFT_VERSION = 5.0;
				TARGETED_DEVICE_FAMILY = "1,2";
				TEST_HOST = "$(BUILT_PRODUCTS_DIR)/ReceiptSplitter.app/$(BUNDLE_EXECUTABLE_FOLDER_PATH)/ReceiptSplitter";
			};
			name = Release;
		};
		AB9861C62E54EDB800524545 /* Debug */ = {
			isa = XCBuildConfiguration;
			buildSettings = {
				CODE_SIGN_STYLE = Automatic;
				CURRENT_PROJECT_VERSION = 1;
				DEVELOPMENT_TEAM = XX88NV4X6Q;
				GENERATE_INFOPLIST_FILE = YES;
				MARKETING_VERSION = 1.0;
				PRODUCT_BUNDLE_IDENTIFIER = com.jeromehernandez.ReceiptSplitterUITests;
				PRODUCT_NAME = "$(TARGET_NAME)";
				SWIFT_EMIT_LOC_STRINGS = NO;
				SWIFT_VERSION = 5.0;
				TARGETED_DEVICE_FAMILY = "1,2";
				TEST_TARGET_NAME = ReceiptSplitter;
			};
			name = Debug;
		};
		AB9861C72E54EDB800524545 /* Release */ = {
			isa = XCBuildConfiguration;
			buildSettings = {
				CODE_SIGN_STYLE = Automatic;
				CURRENT_PROJECT_VERSION = 1;
				DEVELOPMENT_TEAM = XX88NV4X6Q;
				GENERATE_INFOPLIST_FILE = YES;
				MARKETING_VERSION = 1.0;
				PRODUCT_BUNDLE_IDENTIFIER = com.jeromehernandez.ReceiptSplitterUITests;
				PRODUCT_NAME = "$(TARGET_NAME)";
				SWIFT_EMIT_LOC_STRINGS = NO;
				SWIFT_VERSION = 5.0;
				TARGETED_DEVICE_FAMILY = "1,2";
				TEST_TARGET_NAME = ReceiptSplitter;
			};
			name = Release;
		};
/* End XCBuildConfiguration section */

/* Begin XCConfigurationList section */
		AB9861992E54EDB600524545 /* Build configuration list for PBXProject "ReceiptSplitter" */ = {
			isa = XCConfigurationList;
			buildConfigurations = (
				AB9861BD2E54EDB800524545 /* Debug */,
				AB9861BE2E54EDB800524545 /* Release */,
			);
			defaultConfigurationIsVisible = 0;
			defaultConfigurationName = Release;
		};
		AB9861BF2E54EDB800524545 /* Build configuration list for PBXNativeTarget "ReceiptSplitter" */ = {
			isa = XCConfigurationList;
			buildConfigurations = (
				AB9861C02E54EDB800524545 /* Debug */,
				AB9861C12E54EDB800524545 /* Release */,
			);
			defaultConfigurationIsVisible = 0;
			defaultConfigurationName = Release;
		};
		AB9861C22E54EDB800524545 /* Build configuration list for PBXNativeTarget "ReceiptSplitterTests" */ = {
			isa = XCConfigurationList;
			buildConfigurations = (
				AB9861C32E54EDB800524545 /* Debug */,
				AB9861C42E54EDB800524545 /* Release */,
			);
			defaultConfigurationIsVisible = 0;
			defaultConfigurationName = Release;
		};
		AB9861C52E54EDB800524545 /* Build configuration list for PBXNativeTarget "ReceiptSplitterUITests" */ = {
			isa = XCConfigurationList;
			buildConfigurations = (
				AB9861C62E54EDB800524545 /* Debug */,
				AB9861C72E54EDB800524545 /* Release */,
			);
			defaultConfigurationIsVisible = 0;
			defaultConfigurationName = Release;
		};
/* End XCConfigurationList section */
	};
	rootObject = AB9861962E54EDB600524545 /* Project object */;
}
